
Microsoft Visual Studio Solution File, Format Version 12.00
# Visual Studio Version 17
VisualStudioVersion = 17.13.35919.96 d17.13
MinimumVisualStudioVersion = 10.0.40219.1
Project("{FAE04EC0-301F-11D3-BF4B-00C04F79EFBC}") = "iracingstattracker", "iracingstattracker.csproj", "{D453C63E-30F6-4F17-846A-E7EB58773D0D}"
EndProject
Global
	GlobalSection(SolutionConfigurationPlatforms) = preSolution
		Debug|Any CPU = Debug|Any CPU
		Release|Any CPU = Release|Any CPU
	EndGlobalSection
	GlobalSection(ProjectConfigurationPlatforms) = postSolution
		{D453C63E-30F6-4F17-846A-E7EB58773D0D}.Debug|Any CPU.ActiveCfg = Debug|Any CPU
		{D453C63E-30F6-4F17-846A-E7EB58773D0D}.Debug|Any CPU.Build.0 = Debug|Any CPU
		{D453C63E-30F6-4F17-846A-E7EB58773D0D}.Release|Any CPU.ActiveCfg = Release|Any CPU
		{D453C63E-30F6-4F17-846A-E7EB58773D0D}.Release|Any CPU.Build.0 = Release|Any CPU
	EndGlobalSection
	GlobalSection(SolutionProperties) = preSolution
		HideSolutionNode = FALSE
	EndGlobalSection
	GlobalSection(ExtensibilityGlobals) = postSolution
		SolutionGuid = {DE6C6A2A-0CCD-454B-B339-F6AA1DA1A778}
	EndGlobalSection
EndGlobal
